
Microsoft Visual Studio Solution File, Format Version 12.00
# Visual Studio Version 17
VisualStudioVersion = 17.0.31903.59
MinimumVisualStudioVersion = 10.0.40219.1
Project("{2150E333-8FDC-42A3-9474-1A3956D46DE8}") = "src", "src", "{012ACF96-980D-409D-BE16-3759ED9D6166}"
EndProject
Project("{FAE04EC0-301F-11D3-BF4B-00C04F79EFBC}") = "EgoDevsMarket.API", "src\EgoDevsMarket.API\EgoDevsMarket.API.csproj", "{164FF1C9-06E1-4C3A-BCAF-7B79D0861DE7}"
EndProject
Project("{FAE04EC0-301F-11D3-BF4B-00C04F79EFBC}") = "EgoDevsMarket.Application", "src\EgoDevsMarket.Application\EgoDevsMarket.Application.csproj", "{59F37339-892A-4740-88B7-6A2FCD65492A}"
EndProject
Project("{FAE04EC0-301F-11D3-BF4B-00C04F79EFBC}") = "EgoDevsMarket.Domain", "src\EgoDevsMarket.Domain\EgoDevsMarket.Domain.csproj", "{B1D6437D-AC85-43CB-A07C-B6045195680E}"
EndProject
Project("{FAE04EC0-301F-11D3-BF4B-00C04F79EFBC}") = "EgoDevsMarket.Infrastructure", "src\EgoDevsMarket.Infrastructure\EgoDevsMarket.Infrastructure.csproj", "{6FC52D08-9BEF-453D-B16D-B799EA141927}"
EndProject
Global
	GlobalSection(SolutionConfigurationPlatforms) = preSolution
		Debug|Any CPU = Debug|Any CPU
		Release|Any CPU = Release|Any CPU
	EndGlobalSection
	GlobalSection(ProjectConfigurationPlatforms) = postSolution
		{164FF1C9-06E1-4C3A-BCAF-7B79D0861DE7}.Debug|Any CPU.ActiveCfg = Debug|Any CPU
		{164FF1C9-06E1-4C3A-BCAF-7B79D0861DE7}.Debug|Any CPU.Build.0 = Debug|Any CPU
		{164FF1C9-06E1-4C3A-BCAF-7B79D0861DE7}.Release|Any CPU.ActiveCfg = Release|Any CPU
		{164FF1C9-06E1-4C3A-BCAF-7B79D0861DE7}.Release|Any CPU.Build.0 = Release|Any CPU
		{59F37339-892A-4740-88B7-6A2FCD65492A}.Debug|Any CPU.ActiveCfg = Debug|Any CPU
		{59F37339-892A-4740-88B7-6A2FCD65492A}.Debug|Any CPU.Build.0 = Debug|Any CPU
		{59F37339-892A-4740-88B7-6A2FCD65492A}.Release|Any CPU.ActiveCfg = Release|Any CPU
		{59F37339-892A-4740-88B7-6A2FCD65492A}.Release|Any CPU.Build.0 = Release|Any CPU
		{B1D6437D-AC85-43CB-A07C-B6045195680E}.Debug|Any CPU.ActiveCfg = Debug|Any CPU
		{B1D6437D-AC85-43CB-A07C-B6045195680E}.Debug|Any CPU.Build.0 = Debug|Any CPU
		{B1D6437D-AC85-43CB-A07C-B6045195680E}.Release|Any CPU.ActiveCfg = Release|Any CPU
		{B1D6437D-AC85-43CB-A07C-B6045195680E}.Release|Any CPU.Build.0 = Release|Any CPU
		{6FC52D08-9BEF-453D-B16D-B799EA141927}.Debug|Any CPU.ActiveCfg = Debug|Any CPU
		{6FC52D08-9BEF-453D-B16D-B799EA141927}.Debug|Any CPU.Build.0 = Debug|Any CPU
		{6FC52D08-9BEF-453D-B16D-B799EA141927}.Release|Any CPU.ActiveCfg = Release|Any CPU
		{6FC52D08-9BEF-453D-B16D-B799EA141927}.Release|Any CPU.Build.0 = Release|Any CPU
	EndGlobalSection
	GlobalSection(SolutionProperties) = preSolution
		HideSolutionNode = FALSE
	EndGlobalSection
	GlobalSection(NestedProjects) = preSolution
		{164FF1C9-06E1-4C3A-BCAF-7B79D0861DE7} = {012ACF96-980D-409D-BE16-3759ED9D6166}
		{59F37339-892A-4740-88B7-6A2FCD65492A} = {012ACF96-980D-409D-BE16-3759ED9D6166}
		{B1D6437D-AC85-43CB-A07C-B6045195680E} = {012ACF96-980D-409D-BE16-3759ED9D6166}
		{6FC52D08-9BEF-453D-B16D-B799EA141927} = {012ACF96-980D-409D-BE16-3759ED9D6166}
	EndGlobalSection
EndGlobal
